
Microsoft Visual Studio Solution File, Format Version 12.00
# Visual Studio 15
VisualStudioVersion = 15.0.26730.12
MinimumVisualStudioVersion = 10.0.40219.1
Project("{FAE04EC0-301F-11D3-BF4B-00C04F79EFBC}") = "Client", "Client\Client.csproj", "{B3893037-514C-4A01-8F9E-DCA256398992}"
EndProject
Global
	GlobalSection(SolutionConfigurationPlatforms) = preSolution
		Debug|Any CPU = Debug|Any CPU
		Release|Any CPU = Release|Any CPU
	EndGlobalSection
	GlobalSection(ProjectConfigurationPlatforms) = postSolution
		{B3893037-514C-4A01-8F9E-DCA256398992}.Debug|Any CPU.ActiveCfg = Debug|Any CPU
		{B3893037-514C-4A01-8F9E-DCA256398992}.Debug|Any CPU.Build.0 = Debug|Any CPU
		{B3893037-514C-4A01-8F9E-DCA256398992}.Release|Any CPU.ActiveCfg = Release|Any CPU
		{B3893037-514C-4A01-8F9E-DCA256398992}.Release|Any CPU.Build.0 = Release|Any CPU
	EndGlobalSection
	GlobalSection(SolutionProperties) = preSolution
		HideSolutionNode = FALSE
	EndGlobalSection
	GlobalSection(ExtensibilityGlobals) = postSolution
		SolutionGuid = {C168A4F9-7024-4638-A664-2F53B19E06E8}
	EndGlobalSection
EndGlobal
